{
  "name": "change-official-website",
  "version": "1.0.0",
  "lockfileVersion": 3,
  "requires": true,
  "packages": {
    "": {
      "name": "change-official-website",
      "version": "1.0.0",
      "dependencies": {
        "lucide-react": "0.468.0",
        "react": "18.3.1",
        "react-dom": "18.3.1"
      },
      "devDependencies": {
        "@vitejs/plugin-react": "4.3.3",
        "vite": "5.4.10"
      }
    }
  }
}
